// !$*UTF8*$!
{
	archiveVersion = 1;
	classes = {
	};
	objectVersion = 55;
	objects = {

/* Begin PBXBuildFile section */
		971DFB09285CDFBA007681FC /* DailyForecastCell.swift in Sources */ = {isa = PBXBuildFile; fileRef = 971DFB08285CDFBA007681FC /* DailyForecastCell.swift */; };
		972D3EF82812FAA3008F7838 /* HourlyWeatherResponse.swift in Sources */ = {isa = PBXBuildFile; fileRef = 972D3EF72812FAA3008F7838 /* HourlyWeatherResponse.swift */; };
		972E7A832808242F00F69FEE /* AppDelegate.swift in Sources */ = {isa = PBXBuildFile; fileRef = 972E7A822808242F00F69FEE /* AppDelegate.swift */; };
		972E7A852808242F00F69FEE /* SceneDelegate.swift in Sources */ = {isa = PBXBuildFile; fileRef = 972E7A842808242F00F69FEE /* SceneDelegate.swift */; };
		972E7A872808242F00F69FEE /* ViewController.swift in Sources */ = {isa = PBXBuildFile; fileRef = 972E7A862808242F00F69FEE /* ViewController.swift */; };
		972E7A8A2808242F00F69FEE /* Main.storyboard in Resources */ = {isa = PBXBuildFile; fileRef = 972E7A882808242F00F69FEE /* Main.storyboard */; };
		972E7A8C2808243100F69FEE /* Assets.xcassets in Resources */ = {isa = PBXBuildFile; fileRef = 972E7A8B2808243100F69FEE /* Assets.xcassets */; };
		972E7A8F2808243100F69FEE /* LaunchScreen.storyboard in Resources */ = {isa = PBXBuildFile; fileRef = 972E7A8D2808243100F69FEE /* LaunchScreen.storyboard */; };
		97C12048284E5E06003A07E7 /* HourlyForecastCell.swift in Sources */ = {isa = PBXBuildFile; fileRef = 97C12047284E5E06003A07E7 /* HourlyForecastCell.swift */; };
/* End PBXBuildFile section */

/* Begin PBXFileReference section */
		971DFB08285CDFBA007681FC /* DailyForecastCell.swift */ = {isa = PBXFileReference; lastKnownFileType = sourcecode.swift; path = DailyForecastCell.swift; sourceTree = "<group>"; };
		972D3EF72812FAA3008F7838 /* HourlyWeatherResponse.swift */ = {isa = PBXFileReference; lastKnownFileType = sourcecode.swift; name = HourlyWeatherResponse.swift; path = ../HourlyWeatherResponse.swift; sourceTree = "<group>"; };
		972E7A7F2808242F00F69FEE /* Simple-Forecast.app */ = {isa = PBXFileReference; explicitFileType = wrapper.application; includeInIndex = 0; path = "Simple-Forecast.app"; sourceTree = BUILT_PRODUCTS_DIR; };
		972E7A822808242F00F69FEE /* AppDelegate.swift */ = {isa = PBXFileReference; lastKnownFileType = sourcecode.swift; path = AppDelegate.swift; sourceTree = "<group>"; };
		972E7A842808242F00F69FEE /* SceneDelegate.swift */ = {isa = PBXFileReference; lastKnownFileType = sourcecode.swift; path = SceneDelegate.swift; sourceTree = "<group>"; };
		972E7A862808242F00F69FEE /* ViewController.swift */ = {isa = PBXFileReference; lastKnownFileType = sourcecode.swift; path = ViewController.swift; sourceTree = "<group>"; };
		972E7A892808242F00F69FEE /* Base */ = {isa = PBXFileReference; lastKnownFileType = file.storyboard; name = Base; path = Base.lproj/Main.storyboard; sourceTree = "<group>"; };
		972E7A8B2808243100F69FEE /* Assets.xcassets */ = {isa = PBXFileReference; lastKnownFileType = folder.assetcatalog; path = Assets.xcassets; sourceTree = "<group>"; };
		972E7A8E2808243100F69FEE /* Base */ = {isa = PBXFileReference; lastKnownFileType = file.storyboard; name = Base; path = Base.lproj/LaunchScreen.storyboard; sourceTree = "<group>"; };
		972E7A902808243100F69FEE /* Info.plist */ = {isa = PBXFileReference; lastKnownFileType = text.plist.xml; path = Info.plist; sourceTree = "<group>"; };
		97C12047284E5E06003A07E7 /* HourlyForecastCell.swift */ = {isa = PBXFileReference; lastKnownFileType = sourcecode.swift; path = HourlyForecastCell.swift; sourceTree = "<group>"; };
/* End PBXFileReference section */

/* Begin PBXFrameworksBuildPhase section */
		972E7A7C2808242F00F69FEE /* Frameworks */ = {
			isa = PBXFrameworksBuildPhase;
			buildActionMask = 2147483647;
			files = (
			);
			runOnlyForDeploymentPostprocessing = 0;
		};
/* End PBXFrameworksBuildPhase section */

/* Begin PBXGroup section */
		972E7A762808242F00F69FEE = {
			isa = PBXGroup;
			children = (
				972E7A812808242F00F69FEE /* Simple-Forecast */,
				972E7A802808242F00F69FEE /* Products */,
			);
			sourceTree = "<group>";
		};
		972E7A802808242F00F69FEE /* Products */ = {
			isa = PBXGroup;
			children = (
				972E7A7F2808242F00F69FEE /* Simple-Forecast.app */,
			);
			name = Products;
			sourceTree = "<group>";
		};
		972E7A812808242F00F69FEE /* Simple-Forecast */ = {
			isa = PBXGroup;
			children = (
				972E7A822808242F00F69FEE /* AppDelegate.swift */,
				972E7A842808242F00F69FEE /* SceneDelegate.swift */,
				972E7A862808242F00F69FEE /* ViewController.swift */,
				972D3EF72812FAA3008F7838 /* HourlyWeatherResponse.swift */,
				97C12047284E5E06003A07E7 /* HourlyForecastCell.swift */,
				971DFB08285CDFBA007681FC /* DailyForecastCell.swift */,
				972E7A882808242F00F69FEE /* Main.storyboard */,
				972E7A8B2808243100F69FEE /* Assets.xcassets */,
				972E7A8D2808243100F69FEE /* LaunchScreen.storyboard */,
				972E7A902808243100F69FEE /* Info.plist */,
			);
			path = "Simple-Forecast";
			sourceTree = "<group>";
		};
/* End PBXGroup section */

/* Begin PBXNativeTarget section */
		972E7A7E2808242F00F69FEE /* Simple-Forecast */ = {
			isa = PBXNativeTarget;
			buildConfigurationList = 972E7A932808243100F69FEE /* Build configuration list for PBXNativeTarget "Simple-Forecast" */;
			buildPhases = (
				972E7A7B2808242F00F69FEE /* Sources */,
				972E7A7C2808242F00F69FEE /* Frameworks */,
				972E7A7D2808242F00F69FEE /* Resources */,
			);
			buildRules = (
			);
			dependencies = (
			);
			name = "Simple-Forecast";
			productName = "Simple-Forecast";
			productReference = 972E7A7F2808242F00F69FEE /* Simple-Forecast.app */;
			productType = "com.apple.product-type.application";
		};
/* End PBXNativeTarget section */

/* Begin PBXProject section */
		972E7A772808242F00F69FEE /* Project object */ = {
			isa = PBXProject;
			attributes = {
				BuildIndependentTargetsInParallel = 1;
				LastSwiftUpdateCheck = 1330;
				LastUpgradeCheck = 1330;
				TargetAttributes = {
					972E7A7E2808242F00F69FEE = {
						CreatedOnToolsVersion = 13.3.1;
					};
				};
			};
			buildConfigurationList = 972E7A7A2808242F00F69FEE /* Build configuration list for PBXProject "Simple-Forecast" */;
			compatibilityVersion = "Xcode 13.0";
			developmentRegion = en;
			hasScannedForEncodings = 0;
			knownRegions = (
				en,
				Base,
			);
			mainGroup = 972E7A762808242F00F69FEE;
			productRefGroup = 972E7A802808242F00F69FEE /* Products */;
			projectDirPath = "";
			projectRoot = "";
			targets = (
				972E7A7E2808242F00F69FEE /* Simple-Forecast */,
			);
		};
/* End PBXProject section */

/* Begin PBXResourcesBuildPhase section */
		972E7A7D2808242F00F69FEE /* Resources */ = {
			isa = PBXResourcesBuildPhase;
			buildActionMask = 2147483647;
			files = (
				972E7A8F2808243100F69FEE /* LaunchScreen.storyboard in Resources */,
				972E7A8C2808243100F69FEE /* Assets.xcassets in Resources */,
				972E7A8A2808242F00F69FEE /* Main.storyboard in Resources */,
			);
			runOnlyForDeploymentPostprocessing = 0;
		};
/* End PBXResourcesBuildPhase section */

/* Begin PBXSourcesBuildPhase section */
		972E7A7B2808242F00F69FEE /* Sources */ = {
			isa = PBXSourcesBuildPhase;
			buildActionMask = 2147483647;
			files = (
				972E7A872808242F00F69FEE /* ViewController.swift in Sources */,
				97C12048284E5E06003A07E7 /* HourlyForecastCell.swift in Sources */,
				971DFB09285CDFBA007681FC /* DailyForecastCell.swift in Sources */,
				972E7A832808242F00F69FEE /* AppDelegate.swift in Sources */,
				972E7A852808242F00F69FEE /* SceneDelegate.swift in Sources */,
				972D3EF82812FAA3008F7838 /* HourlyWeatherResponse.swift in Sources */,
			);
			runOnlyForDeploymentPostprocessing = 0;
		};
/* End PBXSourcesBuildPhase section */

/* Begin PBXVariantGroup section */
		972E7A882808242F00F69FEE /* Main.storyboard */ = {
			isa = PBXVariantGroup;
			children = (
				972E7A892808242F00F69FEE /* Base */,
			);
			name = Main.storyboard;
			sourceTree = "<group>";
		};
		972E7A8D2808243100F69FEE /* LaunchScreen.storyboard */ = {
			isa = PBXVariantGroup;
			children = (
				972E7A8E2808243100F69FEE /* Base */,
			);
			name = LaunchScreen.storyboard;
			sourceTree = "<group>";
		};
/* End PBXVariantGroup section */

/* Begin XCBuildConfiguration section */
		972E7A912808243100F69FEE /* Debug */ = {
			isa = XCBuildConfiguration;
			buildSettings = {
				ALWAYS_SEARCH_USER_PATHS = NO;
				CLANG_ANALYZER_NONNULL = YES;
				CLANG_ANALYZER_NUMBER_OBJECT_CONVERSION = YES_AGGRESSIVE;
				CLANG_CXX_LANGUAGE_STANDARD = "gnu++17";
				CLANG_ENABLE_MODULES = YES;
				CLANG_ENABLE_OBJC_ARC = YES;
				CLANG_ENABLE_OBJC_WEAK = YES;
				CLANG_WARN_BLOCK_CAPTURE_AUTORELEASING = YES;
				CLANG_WARN_BOOL_CONVERSION = YES;
				CLANG_WARN_COMMA = YES;
				CLANG_WARN_CONSTANT_CONVERSION = YES;
				CLANG_WARN_DEPRECATED_OBJC_IMPLEMENTATIONS = YES;
				CLANG_WARN_DIRECT_OBJC_ISA_USAGE = YES_ERROR;
				CLANG_WARN_DOCUMENTATION_COMMENTS = YES;
				CLANG_WARN_EMPTY_BODY = YES;
				CLANG_WARN_ENUM_CONVERSION = YES;
				CLANG_WARN_INFINITE_RECURSION = YES;
				CLANG_WARN_INT_CONVERSION = YES;
				CLANG_WARN_NON_LITERAL_NULL_CONVERSION = YES;
				CLANG_WARN_OBJC_IMPLICIT_RETAIN_SELF = YES;
				CLANG_WARN_OBJC_LITERAL_CONVERSION = YES;
				CLANG_WARN_OBJC_ROOT_CLASS = YES_ERROR;
				CLANG_WARN_QUOTED_INCLUDE_IN_FRAMEWORK_HEADER = YES;
				CLANG_WARN_RANGE_LOOP_ANALYSIS = YES;
				CLANG_WARN_STRICT_PROTOTYPES = YES;
				CLANG_WARN_SUSPICIOUS_MOVE = YES;
				CLANG_WARN_UNGUARDED_AVAILABILITY = YES_AGGRESSIVE;
				CLANG_WARN_UNREACHABLE_CODE = YES;
				CLANG_WARN__DUPLICATE_METHOD_MATCH = YES;
				COPY_PHASE_STRIP = NO;
				DEBUG_INFORMATION_FORMAT = dwarf;
				ENABLE_STRICT_OBJC_MSGSEND = YES;
				ENABLE_TESTABILITY = YES;
				GCC_C_LANGUAGE_STANDARD = gnu11;
				GCC_DYNAMIC_NO_PIC = NO;
				GCC_NO_COMMON_BLOCKS = YES;
				GCC_OPTIMIZATION_LEVEL = 0;
				GCC_PREPROCESSOR_DEFINITIONS = (
					"DEBUG=1",
					"$(inherited)",
				);
				GCC_WARN_64_TO_32_BIT_CONVERSION = YES;
				GCC_WARN_ABOUT_RETURN_TYPE = YES_ERROR;
				GCC_WARN_UNDECLARED_SELECTOR = YES;
				GCC_WARN_UNINITIALIZED_AUTOS = YES_AGGRESSIVE;
				GCC_WARN_UNUSED_FUNCTION = YES;
				GCC_WARN_UNUSED_VARIABLE = YES;
				IPHONEOS_DEPLOYMENT_TARGET = 15.4;
				MTL_ENABLE_DEBUG_INFO = INCLUDE_SOURCE;
				MTL_FAST_MATH = YES;
				ONLY_ACTIVE_ARCH = YES;
				SDKROOT = iphoneos;
				SWIFT_ACTIVE_COMPILATION_CONDITIONS = DEBUG;
				SWIFT_OPTIMIZATION_LEVEL = "-Onone";
			};
			name = Debug;
		};
		972E7A922808243100F69FEE /* Release */ = {
			isa = XCBuildConfiguration;
			buildSettings = {
				ALWAYS_SEARCH_USER_PATHS = NO;
				CLANG_ANALYZER_NONNULL = YES;
				CLANG_ANALYZER_NUMBER_OBJECT_CONVERSION = YES_AGGRESSIVE;
				CLANG_CXX_LANGUAGE_STANDARD = "gnu++17";
				CLANG_ENABLE_MODULES = YES;
				CLANG_ENABLE_OBJC_ARC = YES;
				CLANG_ENABLE_OBJC_WEAK = YES;
				CLANG_WARN_BLOCK_CAPTURE_AUTORELEASING = YES;
				CLANG_WARN_BOOL_CONVERSION = YES;
				CLANG_WARN_COMMA = YES;
				CLANG_WARN_CONSTANT_CONVERSION = YES;
				CLANG_WARN_DEPRECATED_OBJC_IMPLEMENTATIONS = YES;
				CLANG_WARN_DIRECT_OBJC_ISA_USAGE = YES_ERROR;
				CLANG_WARN_DOCUMENTATION_COMMENTS = YES;
				CLANG_WARN_EMPTY_BODY = YES;
				CLANG_WARN_ENUM_CONVERSION = YES;
				CLANG_WARN_INFINITE_RECURSION = YES;
				CLANG_WARN_INT_CONVERSION = YES;
				CLANG_WARN_NON_LITERAL_NULL_CONVERSION = YES;
				CLANG_WARN_OBJC_IMPLICIT_RETAIN_SELF = YES;
				CLANG_WARN_OBJC_LITERAL_CONVERSION = YES;
				CLANG_WARN_OBJC_ROOT_CLASS = YES_ERROR;
				CLANG_WARN_QUOTED_INCLUDE_IN_FRAMEWORK_HEADER = YES;
				CLANG_WARN_RANGE_LOOP_ANALYSIS = YES;
				CLANG_WARN_STRICT_PROTOTYPES = YES;
				CLANG_WARN_SUSPICIOUS_MOVE = YES;
				CLANG_WARN_UNGUARDED_AVAILABILITY = YES_AGGRESSIVE;
				CLANG_WARN_UNREACHABLE_CODE = YES;
				CLANG_WARN__DUPLICATE_METHOD_MATCH = YES;
				COPY_PHASE_STRIP = NO;
				DEBUG_INFORMATION_FORMAT = "dwarf-with-dsym";
				ENABLE_NS_ASSERTIONS = NO;
				ENABLE_STRICT_OBJC_MSGSEND = YES;
				GCC_C_LANGUAGE_STANDARD = gnu11;
				GCC_NO_COMMON_BLOCKS = YES;
				GCC_WARN_64_TO_32_BIT_CONVERSION = YES;
				GCC_WARN_ABOUT_RETURN_TYPE = YES_ERROR;
				GCC_WARN_UNDECLARED_SELECTOR = YES;
				GCC_WARN_UNINITIALIZED_AUTOS = YES_AGGRESSIVE;
				GCC_WARN_UNUSED_FUNCTION = YES;
				GCC_WARN_UNUSED_VARIABLE = YES;
				IPHONEOS_DEPLOYMENT_TARGET = 15.4;
				MTL_ENABLE_DEBUG_INFO = NO;
				MTL_FAST_MATH = YES;
				SDKROOT = iphoneos;
				SWIFT_COMPILATION_MODE = wholemodule;
				SWIFT_OPTIMIZATION_LEVEL = "-O";
				VALIDATE_PRODUCT = YES;
			};
			name = Release;
		};
		972E7A942808243100F69FEE /* Debug */ = {
			isa = XCBuildConfiguration;
			buildSettings = {
				ASSETCATALOG_COMPILER_APPICON_NAME = AppIcon;
				ASSETCATALOG_COMPILER_GLOBAL_ACCENT_COLOR_NAME = AccentColor;
				CODE_SIGN_STYLE = Automatic;
				CURRENT_PROJECT_VERSION = 1;
				GENERATE_INFOPLIST_FILE = YES;
				INFOPLIST_FILE = "Simple-Forecast/Info.plist";
				INFOPLIST_KEY_UIApplicationSupportsIndirectInputEvents = YES;
				INFOPLIST_KEY_UILaunchStoryboardName = LaunchScreen;
				INFOPLIST_KEY_UIMainStoryboardFile = Main;
				INFOPLIST_KEY_UISupportedInterfaceOrientations_iPad = "UIInterfaceOrientationPortrait UIInterfaceOrientationPortraitUpsideDown UIInterfaceOrientationLandscapeLeft UIInterfaceOrientationLandscapeRight";
				INFOPLIST_KEY_UISupportedInterfaceOrientations_iPhone = "UIInterfaceOrientationPortrait UIInterfaceOrientationLandscapeLeft UIInterfaceOrientationLandscapeRight";
				LD_RUNPATH_SEARCH_PATHS = (
					"$(inherited)",
					"@executable_path/Frameworks",
				);
				MARKETING_VERSION = 1.0;
				PRODUCT_BUNDLE_IDENTIFIER = "course.Simple-Forecast";
				PRODUCT_NAME = "$(TARGET_NAME)";
				SWIFT_EMIT_LOC_STRINGS = YES;
				SWIFT_VERSION = 5.0;
				TARGETED_DEVICE_FAMILY = "1,2";
			};
			name = Debug;
		};
		972E7A952808243100F69FEE /* Release */ = {
			isa = XCBuildConfiguration;
			buildSettings = {
				ASSETCATALOG_COMPILER_APPICON_NAME = AppIcon;
				ASSETCATALOG_COMPILER_GLOBAL_ACCENT_COLOR_NAME = AccentColor;
				CODE_SIGN_STYLE = Automatic;
				CURRENT_PROJECT_VERSION = 1;
				GENERATE_INFOPLIST_FILE = YES;
				INFOPLIST_FILE = "Simple-Forecast/Info.plist";
				INFOPLIST_KEY_UIApplicationSupportsIndirectInputEvents = YES;
				INFOPLIST_KEY_UILaunchStoryboardName = LaunchScreen;
				INFOPLIST_KEY_UIMainStoryboardFile = Main;
				INFOPLIST_KEY_UISupportedInterfaceOrientations_iPad = "UIInterfaceOrientationPortrait UIInterfaceOrientationPortraitUpsideDown UIInterfaceOrientationLandscapeLeft UIInterfaceOrientationLandscapeRight";
				INFOPLIST_KEY_UISupportedInterfaceOrientations_iPhone = "UIInterfaceOrientationPortrait UIInterfaceOrientationLandscapeLeft UIInterfaceOrientationLandscapeRight";
				LD_RUNPATH_SEARCH_PATHS = (
					"$(inherited)",
					"@executable_path/Frameworks",
				);
				MARKETING_VERSION = 1.0;
				PRODUCT_BUNDLE_IDENTIFIER = "course.Simple-Forecast";
				PRODUCT_NAME = "$(TARGET_NAME)";
				SWIFT_EMIT_LOC_STRINGS = YES;
				SWIFT_VERSION = 5.0;
				TARGETED_DEVICE_FAMILY = "1,2";
			};
			name = Release;
		};
/* End XCBuildConfiguration section */

/* Begin XCConfigurationList section */
		972E7A7A2808242F00F69FEE /* Build configuration list for PBXProject "Simple-Forecast" */ = {
			isa = XCConfigurationList;
			buildConfigurations = (
				972E7A912808243100F69FEE /* Debug */,
				972E7A922808243100F69FEE /* Release */,
			);
			defaultConfigurationIsVisible = 0;
			defaultConfigurationName = Release;
		};
		972E7A932808243100F69FEE /* Build configuration list for PBXNativeTarget "Simple-Forecast" */ = {
			isa = XCConfigurationList;
			buildConfigurations = (
				972E7A942808243100F69FEE /* Debug */,
				972E7A952808243100F69FEE /* Release */,
			);
			defaultConfigurationIsVisible = 0;
			defaultConfigurationName = Release;
		};
/* End XCConfigurationList section */
	};
	rootObject = 972E7A772808242F00F69FEE /* Project object */;
}
